
Microsoft Visual Studio Solution File, Format Version 12.00
# Visual Studio Version 17
VisualStudioVersion = 17.2.32616.157
MinimumVisualStudioVersion = 10.0.40219.1
Project("{FAE04EC0-301F-11D3-BF4B-00C04F79EFBC}") = "01-recursion", "01-recursion\01-recursion.csproj", "{4E2E85A6-CBFB-4EC2-9960-4CF9BDDA0EB7}"
EndProject
Project("{FAE04EC0-301F-11D3-BF4B-00C04F79EFBC}") = "02-backtracksearch", "02-backtracksearch\02-backtracksearch.csproj", "{2D3B4031-6AB0-4337-ABDA-001393C647C6}"
EndProject
Global
	GlobalSection(SolutionConfigurationPlatforms) = preSolution
		Debug|Any CPU = Debug|Any CPU
		Release|Any CPU = Release|Any CPU
	EndGlobalSection
	GlobalSection(ProjectConfigurationPlatforms) = postSolution
		{4E2E85A6-CBFB-4EC2-9960-4CF9BDDA0EB7}.Debug|Any CPU.ActiveCfg = Debug|Any CPU
		{4E2E85A6-CBFB-4EC2-9960-4CF9BDDA0EB7}.Debug|Any CPU.Build.0 = Debug|Any CPU
		{4E2E85A6-CBFB-4EC2-9960-4CF9BDDA0EB7}.Release|Any CPU.ActiveCfg = Release|Any CPU
		{4E2E85A6-CBFB-4EC2-9960-4CF9BDDA0EB7}.Release|Any CPU.Build.0 = Release|Any CPU
		{2D3B4031-6AB0-4337-ABDA-001393C647C6}.Debug|Any CPU.ActiveCfg = Debug|Any CPU
		{2D3B4031-6AB0-4337-ABDA-001393C647C6}.Debug|Any CPU.Build.0 = Debug|Any CPU
		{2D3B4031-6AB0-4337-ABDA-001393C647C6}.Release|Any CPU.ActiveCfg = Release|Any CPU
		{2D3B4031-6AB0-4337-ABDA-001393C647C6}.Release|Any CPU.Build.0 = Release|Any CPU
	EndGlobalSection
	GlobalSection(SolutionProperties) = preSolution
		HideSolutionNode = FALSE
	EndGlobalSection
	GlobalSection(ExtensibilityGlobals) = postSolution
		SolutionGuid = {ACCD53EE-DEA8-4218-9298-58E342E515B7}
	EndGlobalSection
EndGlobal
