
Microsoft Visual Studio Solution File, Format Version 12.00
# Visual Studio 2013
VisualStudioVersion = 12.0.21005.1
MinimumVisualStudioVersion = 10.0.40219.1
Project("{FAE04EC0-301F-11D3-BF4B-00C04F79EFBC}") = "la01_1_orokolodes_alapok", "oroklodes\la01_1_orokolodes_alapok.csproj", "{8D1B0993-B639-4B43-95A0-A658D9137762}"
EndProject
Project("{FAE04EC0-301F-11D3-BF4B-00C04F79EFBC}") = "la01_2_oroklodes_konstruktor", "la01_2_oroklodes_konstruktor\la01_2_oroklodes_konstruktor.csproj", "{6FB57ADA-E84E-4B38-A4E1-625EE0F4B2AA}"
EndProject
Project("{FAE04EC0-301F-11D3-BF4B-00C04F79EFBC}") = "la01_3_virtualis_metodusok", "la01_3_virtualis_metodusok\la01_3_virtualis_metodusok.csproj", "{E231C63E-5898-4E9C-B9DB-A6C19D114DCE}"
EndProject
Project("{FAE04EC0-301F-11D3-BF4B-00C04F79EFBC}") = "la01_4_absztrakt-sealed", "la01_4_absztrakt-sealed\la01_4_absztrakt-sealed.csproj", "{7123DFCD-99F4-4D21-A684-27B06FD4FD94}"
EndProject
Global
	GlobalSection(SolutionConfigurationPlatforms) = preSolution
		Debug|Any CPU = Debug|Any CPU
		Release|Any CPU = Release|Any CPU
	EndGlobalSection
	GlobalSection(ProjectConfigurationPlatforms) = postSolution
		{8D1B0993-B639-4B43-95A0-A658D9137762}.Debug|Any CPU.ActiveCfg = Debug|Any CPU
		{8D1B0993-B639-4B43-95A0-A658D9137762}.Debug|Any CPU.Build.0 = Debug|Any CPU
		{8D1B0993-B639-4B43-95A0-A658D9137762}.Release|Any CPU.ActiveCfg = Release|Any CPU
		{8D1B0993-B639-4B43-95A0-A658D9137762}.Release|Any CPU.Build.0 = Release|Any CPU
		{6FB57ADA-E84E-4B38-A4E1-625EE0F4B2AA}.Debug|Any CPU.ActiveCfg = Debug|Any CPU
		{6FB57ADA-E84E-4B38-A4E1-625EE0F4B2AA}.Debug|Any CPU.Build.0 = Debug|Any CPU
		{6FB57ADA-E84E-4B38-A4E1-625EE0F4B2AA}.Release|Any CPU.ActiveCfg = Release|Any CPU
		{6FB57ADA-E84E-4B38-A4E1-625EE0F4B2AA}.Release|Any CPU.Build.0 = Release|Any CPU
		{E231C63E-5898-4E9C-B9DB-A6C19D114DCE}.Debug|Any CPU.ActiveCfg = Debug|Any CPU
		{E231C63E-5898-4E9C-B9DB-A6C19D114DCE}.Debug|Any CPU.Build.0 = Debug|Any CPU
		{E231C63E-5898-4E9C-B9DB-A6C19D114DCE}.Release|Any CPU.ActiveCfg = Release|Any CPU
		{E231C63E-5898-4E9C-B9DB-A6C19D114DCE}.Release|Any CPU.Build.0 = Release|Any CPU
		{7123DFCD-99F4-4D21-A684-27B06FD4FD94}.Debug|Any CPU.ActiveCfg = Debug|Any CPU
		{7123DFCD-99F4-4D21-A684-27B06FD4FD94}.Debug|Any CPU.Build.0 = Debug|Any CPU
		{7123DFCD-99F4-4D21-A684-27B06FD4FD94}.Release|Any CPU.ActiveCfg = Release|Any CPU
		{7123DFCD-99F4-4D21-A684-27B06FD4FD94}.Release|Any CPU.Build.0 = Release|Any CPU
	EndGlobalSection
	GlobalSection(SolutionProperties) = preSolution
		HideSolutionNode = FALSE
	EndGlobalSection
EndGlobal
