
Microsoft Visual Studio Solution File, Format Version 12.00
# Visual Studio Version 17
VisualStudioVersion = 17.2.32616.157
MinimumVisualStudioVersion = 10.0.40219.1
Project("{FAE04EC0-301F-11D3-BF4B-00C04F79EFBC}") = "01-generic-types", "01-generic-types\01-generic-types.csproj", "{C75B0862-68B3-493B-BA5C-7C7697E75550}"
EndProject
Project("{FAE04EC0-301F-11D3-BF4B-00C04F79EFBC}") = "02-linkedlist", "02-linkedlist\02-linkedlist.csproj", "{1E182F72-F156-4A8F-B7D7-E4D6AB1E9C90}"
EndProject
Global
	GlobalSection(SolutionConfigurationPlatforms) = preSolution
		Debug|Any CPU = Debug|Any CPU
		Release|Any CPU = Release|Any CPU
	EndGlobalSection
	GlobalSection(ProjectConfigurationPlatforms) = postSolution
		{C75B0862-68B3-493B-BA5C-7C7697E75550}.Debug|Any CPU.ActiveCfg = Debug|Any CPU
		{C75B0862-68B3-493B-BA5C-7C7697E75550}.Debug|Any CPU.Build.0 = Debug|Any CPU
		{C75B0862-68B3-493B-BA5C-7C7697E75550}.Release|Any CPU.ActiveCfg = Release|Any CPU
		{C75B0862-68B3-493B-BA5C-7C7697E75550}.Release|Any CPU.Build.0 = Release|Any CPU
		{1E182F72-F156-4A8F-B7D7-E4D6AB1E9C90}.Debug|Any CPU.ActiveCfg = Debug|Any CPU
		{1E182F72-F156-4A8F-B7D7-E4D6AB1E9C90}.Debug|Any CPU.Build.0 = Debug|Any CPU
		{1E182F72-F156-4A8F-B7D7-E4D6AB1E9C90}.Release|Any CPU.ActiveCfg = Release|Any CPU
		{1E182F72-F156-4A8F-B7D7-E4D6AB1E9C90}.Release|Any CPU.Build.0 = Release|Any CPU
	EndGlobalSection
	GlobalSection(SolutionProperties) = preSolution
		HideSolutionNode = FALSE
	EndGlobalSection
	GlobalSection(ExtensibilityGlobals) = postSolution
		SolutionGuid = {1B768957-3F2A-469E-9BD4-519EF36E9BB5}
	EndGlobalSection
EndGlobal
