
Microsoft Visual Studio Solution File, Format Version 12.00
# Visual Studio 2013
VisualStudioVersion = 12.0.21005.1
MinimumVisualStudioVersion = 10.0.40219.1
Project("{FAE04EC0-301F-11D3-BF4B-00C04F79EFBC}") = "kivkez_1", "kivkez\kivkez_1.csproj", "{B77F88A9-8673-4BE9-8410-D06D3C13D62C}"
EndProject
Project("{FAE04EC0-301F-11D3-BF4B-00C04F79EFBC}") = "kivkez_2", "kivkez_2\kivkez_2.csproj", "{49B9B20B-0DED-4093-B173-62827105A617}"
EndProject
Project("{FAE04EC0-301F-11D3-BF4B-00C04F79EFBC}") = "kivkez_3", "kivkez_3\kivkez_3.csproj", "{6AB9E131-136B-441C-9DED-14FC6429C1D6}"
EndProject
Project("{FAE04EC0-301F-11D3-BF4B-00C04F79EFBC}") = "kivkez_4", "kivkez_4\kivkez_4.csproj", "{5B911585-14A8-4218-9C1B-5A919FD4162E}"
EndProject
Global
	GlobalSection(SolutionConfigurationPlatforms) = preSolution
		Debug|Any CPU = Debug|Any CPU
		Release|Any CPU = Release|Any CPU
	EndGlobalSection
	GlobalSection(ProjectConfigurationPlatforms) = postSolution
		{B77F88A9-8673-4BE9-8410-D06D3C13D62C}.Debug|Any CPU.ActiveCfg = Debug|Any CPU
		{B77F88A9-8673-4BE9-8410-D06D3C13D62C}.Debug|Any CPU.Build.0 = Debug|Any CPU
		{B77F88A9-8673-4BE9-8410-D06D3C13D62C}.Release|Any CPU.ActiveCfg = Release|Any CPU
		{B77F88A9-8673-4BE9-8410-D06D3C13D62C}.Release|Any CPU.Build.0 = Release|Any CPU
		{49B9B20B-0DED-4093-B173-62827105A617}.Debug|Any CPU.ActiveCfg = Debug|Any CPU
		{49B9B20B-0DED-4093-B173-62827105A617}.Debug|Any CPU.Build.0 = Debug|Any CPU
		{49B9B20B-0DED-4093-B173-62827105A617}.Release|Any CPU.ActiveCfg = Release|Any CPU
		{49B9B20B-0DED-4093-B173-62827105A617}.Release|Any CPU.Build.0 = Release|Any CPU
		{6AB9E131-136B-441C-9DED-14FC6429C1D6}.Debug|Any CPU.ActiveCfg = Debug|Any CPU
		{6AB9E131-136B-441C-9DED-14FC6429C1D6}.Debug|Any CPU.Build.0 = Debug|Any CPU
		{6AB9E131-136B-441C-9DED-14FC6429C1D6}.Release|Any CPU.ActiveCfg = Release|Any CPU
		{6AB9E131-136B-441C-9DED-14FC6429C1D6}.Release|Any CPU.Build.0 = Release|Any CPU
		{5B911585-14A8-4218-9C1B-5A919FD4162E}.Debug|Any CPU.ActiveCfg = Debug|Any CPU
		{5B911585-14A8-4218-9C1B-5A919FD4162E}.Debug|Any CPU.Build.0 = Debug|Any CPU
		{5B911585-14A8-4218-9C1B-5A919FD4162E}.Release|Any CPU.ActiveCfg = Release|Any CPU
		{5B911585-14A8-4218-9C1B-5A919FD4162E}.Release|Any CPU.Build.0 = Release|Any CPU
	EndGlobalSection
	GlobalSection(SolutionProperties) = preSolution
		HideSolutionNode = FALSE
	EndGlobalSection
EndGlobal
